
Microsoft Visual Studio Solution File, Format Version 12.00
# Visual Studio 2012
Project("{FAE04EC0-301F-11D3-BF4B-00C04F79EFBC}") = "VMS", "VMS\VMS.csproj", "{7E10FDBD-22FB-4B0B-B68B-E7DE0CE40886}"
EndProject
Global
	GlobalSection(SolutionConfigurationPlatforms) = preSolution
		Debug|iPhoneSimulator = Debug|iPhoneSimulator
		Release|iPhone = Release|iPhone
		Release|iPhoneSimulator = Release|iPhoneSimulator
		Debug|iPhone = Debug|iPhone
	EndGlobalSection
	GlobalSection(ProjectConfigurationPlatforms) = postSolution
		{7E10FDBD-22FB-4B0B-B68B-E7DE0CE40886}.Debug|iPhoneSimulator.ActiveCfg = Debug|iPhoneSimulator
		{7E10FDBD-22FB-4B0B-B68B-E7DE0CE40886}.Debug|iPhoneSimulator.Build.0 = Debug|iPhoneSimulator
		{7E10FDBD-22FB-4B0B-B68B-E7DE0CE40886}.Release|iPhone.ActiveCfg = Release|iPhone
		{7E10FDBD-22FB-4B0B-B68B-E7DE0CE40886}.Release|iPhone.Build.0 = Release|iPhone
		{7E10FDBD-22FB-4B0B-B68B-E7DE0CE40886}.Release|iPhoneSimulator.ActiveCfg = Release|iPhoneSimulator
		{7E10FDBD-22FB-4B0B-B68B-E7DE0CE40886}.Release|iPhoneSimulator.Build.0 = Release|iPhoneSimulator
		{7E10FDBD-22FB-4B0B-B68B-E7DE0CE40886}.Debug|iPhone.ActiveCfg = Debug|iPhone
		{7E10FDBD-22FB-4B0B-B68B-E7DE0CE40886}.Debug|iPhone.Build.0 = Debug|iPhone
	EndGlobalSection
EndGlobal
